
Microsoft Visual Studio Solution File, Format Version 12.00
# Visual Studio Version 17
VisualStudioVersion = 17.3.32825.248
MinimumVisualStudioVersion = 10.0.40219.1
Project("{8BC9CEB8-8B4A-11D0-8D11-00A0C91BC942}") = "SE_lab7", "SE_lab7.vcxproj", "{F4DE7FC2-A64B-43F3-914A-3668059088A6}"
EndProject
Global
	GlobalSection(SolutionConfigurationPlatforms) = preSolution
		Debug|x64 = Debug|x64
		Debug|x86 = Debug|x86
		Release|x64 = Release|x64
		Release|x86 = Release|x86
	EndGlobalSection
	GlobalSection(ProjectConfigurationPlatforms) = postSolution
		{F4DE7FC2-A64B-43F3-914A-3668059088A6}.Debug|x64.ActiveCfg = Debug|x64
		{F4DE7FC2-A64B-43F3-914A-3668059088A6}.Debug|x64.Build.0 = Debug|x64
		{F4DE7FC2-A64B-43F3-914A-3668059088A6}.Debug|x86.ActiveCfg = Debug|Win32
		{F4DE7FC2-A64B-43F3-914A-3668059088A6}.Debug|x86.Build.0 = Debug|Win32
		{F4DE7FC2-A64B-43F3-914A-3668059088A6}.Release|x64.ActiveCfg = Release|x64
		{F4DE7FC2-A64B-43F3-914A-3668059088A6}.Release|x64.Build.0 = Release|x64
		{F4DE7FC2-A64B-43F3-914A-3668059088A6}.Release|x86.ActiveCfg = Release|Win32
		{F4DE7FC2-A64B-43F3-914A-3668059088A6}.Release|x86.Build.0 = Release|Win32
	EndGlobalSection
	GlobalSection(SolutionProperties) = preSolution
		HideSolutionNode = FALSE
	EndGlobalSection
	GlobalSection(ExtensibilityGlobals) = postSolution
		SolutionGuid = {00A27BB1-8044-4465-BF04-9219F2EC660C}
	EndGlobalSection
EndGlobal
